
Microsoft Visual Studio Solution File, Format Version 12.00
# Visual Studio 14
VisualStudioVersion = 14.0.24720.0
MinimumVisualStudioVersion = 10.0.40219.1
Project("{FAE04EC0-301F-11D3-BF4B-00C04F79EFBC}") = "MvvmCross.Plugins.Controllers", "MvvmCross.Plugins.Controllers\MvvmCross.Plugins.Controllers.csproj", "{AFE493D3-7B4C-4E23-8882-3FE053B7B193}"
EndProject
Project("{2150E333-8FDC-42A3-9474-1A3956D46DE8}") = ".nuget", ".nuget", "{5E84B378-119E-4152-BC03-747B75E39500}"
	ProjectSection(SolutionItems) = preProject
		.nuget\NuGet.Config = .nuget\NuGet.Config
		.nuget\NuGet.exe = .nuget\NuGet.exe
		.nuget\NuGet.targets = .nuget\NuGet.targets
	EndProjectSection
EndProject
Project("{FAE04EC0-301F-11D3-BF4B-00C04F79EFBC}") = "MvvmCross.Plugins.Controllers.SampleCore", "MvvmCross.Plugins.Controllers.SampleCore\MvvmCross.Plugins.Controllers.SampleCore.csproj", "{C4C4C788-33BB-42C9-BB19-C21CB8E08508}"
EndProject
Global
	GlobalSection(SolutionConfigurationPlatforms) = preSolution
		Build|Any CPU = Build|Any CPU
		Build|ARM = Build|ARM
		Build|iPhone = Build|iPhone
		Build|x64 = Build|x64
		Build|x86 = Build|x86
		Debug|Any CPU = Debug|Any CPU
		Debug|ARM = Debug|ARM
		Debug|iPhone = Debug|iPhone
		Debug|x64 = Debug|x64
		Debug|x86 = Debug|x86
		Release|Any CPU = Release|Any CPU
		Release|ARM = Release|ARM
		Release|iPhone = Release|iPhone
		Release|x64 = Release|x64
		Release|x86 = Release|x86
	EndGlobalSection
	GlobalSection(ProjectConfigurationPlatforms) = postSolution
		{AFE493D3-7B4C-4E23-8882-3FE053B7B193}.Build|Any CPU.ActiveCfg = Build|Any CPU
		{AFE493D3-7B4C-4E23-8882-3FE053B7B193}.Build|Any CPU.Build.0 = Build|Any CPU
		{AFE493D3-7B4C-4E23-8882-3FE053B7B193}.Build|ARM.ActiveCfg = Build|Any CPU
		{AFE493D3-7B4C-4E23-8882-3FE053B7B193}.Build|iPhone.ActiveCfg = Build|iPhone
		{AFE493D3-7B4C-4E23-8882-3FE053B7B193}.Build|iPhone.Build.0 = Build|iPhone
		{AFE493D3-7B4C-4E23-8882-3FE053B7B193}.Build|x64.ActiveCfg = Build|Any CPU
		{AFE493D3-7B4C-4E23-8882-3FE053B7B193}.Build|x86.ActiveCfg = Build|x86
		{AFE493D3-7B4C-4E23-8882-3FE053B7B193}.Build|x86.Build.0 = Build|x86
		{AFE493D3-7B4C-4E23-8882-3FE053B7B193}.Debug|Any CPU.ActiveCfg = Debug|Any CPU
		{AFE493D3-7B4C-4E23-8882-3FE053B7B193}.Debug|Any CPU.Build.0 = Debug|Any CPU
		{AFE493D3-7B4C-4E23-8882-3FE053B7B193}.Debug|ARM.ActiveCfg = Debug|Any CPU
		{AFE493D3-7B4C-4E23-8882-3FE053B7B193}.Debug|iPhone.ActiveCfg = Debug|iPhone
		{AFE493D3-7B4C-4E23-8882-3FE053B7B193}.Debug|iPhone.Build.0 = Debug|iPhone
		{AFE493D3-7B4C-4E23-8882-3FE053B7B193}.Debug|x64.ActiveCfg = Debug|Any CPU
		{AFE493D3-7B4C-4E23-8882-3FE053B7B193}.Debug|x86.ActiveCfg = Debug|x86
		{AFE493D3-7B4C-4E23-8882-3FE053B7B193}.Debug|x86.Build.0 = Debug|x86
		{AFE493D3-7B4C-4E23-8882-3FE053B7B193}.Release|Any CPU.ActiveCfg = Release|Any CPU
		{AFE493D3-7B4C-4E23-8882-3FE053B7B193}.Release|Any CPU.Build.0 = Release|Any CPU
		{AFE493D3-7B4C-4E23-8882-3FE053B7B193}.Release|ARM.ActiveCfg = Release|Any CPU
		{AFE493D3-7B4C-4E23-8882-3FE053B7B193}.Release|iPhone.ActiveCfg = Release|iPhone
		{AFE493D3-7B4C-4E23-8882-3FE053B7B193}.Release|iPhone.Build.0 = Release|iPhone
		{AFE493D3-7B4C-4E23-8882-3FE053B7B193}.Release|x64.ActiveCfg = Release|Any CPU
		{AFE493D3-7B4C-4E23-8882-3FE053B7B193}.Release|x86.ActiveCfg = Release|x86
		{AFE493D3-7B4C-4E23-8882-3FE053B7B193}.Release|x86.Build.0 = Release|x86
		{C4C4C788-33BB-42C9-BB19-C21CB8E08508}.Build|Any CPU.ActiveCfg = Release|Any CPU
		{C4C4C788-33BB-42C9-BB19-C21CB8E08508}.Build|Any CPU.Build.0 = Release|Any CPU
		{C4C4C788-33BB-42C9-BB19-C21CB8E08508}.Build|ARM.ActiveCfg = Release|Any CPU
		{C4C4C788-33BB-42C9-BB19-C21CB8E08508}.Build|iPhone.ActiveCfg = Release|Any CPU
		{C4C4C788-33BB-42C9-BB19-C21CB8E08508}.Build|x64.ActiveCfg = Release|Any CPU
		{C4C4C788-33BB-42C9-BB19-C21CB8E08508}.Build|x86.ActiveCfg = Release|Any CPU
		{C4C4C788-33BB-42C9-BB19-C21CB8E08508}.Debug|Any CPU.ActiveCfg = Debug|Any CPU
		{C4C4C788-33BB-42C9-BB19-C21CB8E08508}.Debug|Any CPU.Build.0 = Debug|Any CPU
		{C4C4C788-33BB-42C9-BB19-C21CB8E08508}.Debug|ARM.ActiveCfg = Debug|Any CPU
		{C4C4C788-33BB-42C9-BB19-C21CB8E08508}.Debug|iPhone.ActiveCfg = Debug|Any CPU
		{C4C4C788-33BB-42C9-BB19-C21CB8E08508}.Debug|x64.ActiveCfg = Debug|Any CPU
		{C4C4C788-33BB-42C9-BB19-C21CB8E08508}.Debug|x86.ActiveCfg = Debug|Any CPU
		{C4C4C788-33BB-42C9-BB19-C21CB8E08508}.Release|Any CPU.ActiveCfg = Release|Any CPU
		{C4C4C788-33BB-42C9-BB19-C21CB8E08508}.Release|Any CPU.Build.0 = Release|Any CPU
		{C4C4C788-33BB-42C9-BB19-C21CB8E08508}.Release|ARM.ActiveCfg = Release|Any CPU
		{C4C4C788-33BB-42C9-BB19-C21CB8E08508}.Release|iPhone.ActiveCfg = Release|Any CPU
		{C4C4C788-33BB-42C9-BB19-C21CB8E08508}.Release|x64.ActiveCfg = Release|Any CPU
		{C4C4C788-33BB-42C9-BB19-C21CB8E08508}.Release|x86.ActiveCfg = Release|Any CPU
	EndGlobalSection
	GlobalSection(SolutionProperties) = preSolution
		HideSolutionNode = FALSE
	EndGlobalSection
EndGlobal
